
Microsoft Visual Studio Solution File, Format Version 12.00
# Visual Studio Version 17
VisualStudioVersion = 17.8.34309.116
MinimumVisualStudioVersion = 10.0.40219.1
Project("{FAE04EC0-301F-11D3-BF4B-00C04F79EFBC}") = "CurrencyConvertor.API", "src\CurrencyConvertor.API\CurrencyConvertor.API.csproj", "{470FFF67-27A8-4BCC-82BF-75CF4AF233CD}"
EndProject
Global
	GlobalSection(SolutionConfigurationPlatforms) = preSolution
		Debug|Any CPU = Debug|Any CPU
		Release|Any CPU = Release|Any CPU
	EndGlobalSection
	GlobalSection(ProjectConfigurationPlatforms) = postSolution
		{470FFF67-27A8-4BCC-82BF-75CF4AF233CD}.Debug|Any CPU.ActiveCfg = Debug|Any CPU
		{470FFF67-27A8-4BCC-82BF-75CF4AF233CD}.Debug|Any CPU.Build.0 = Debug|Any CPU
		{470FFF67-27A8-4BCC-82BF-75CF4AF233CD}.Release|Any CPU.ActiveCfg = Release|Any CPU
		{470FFF67-27A8-4BCC-82BF-75CF4AF233CD}.Release|Any CPU.Build.0 = Release|Any CPU
	EndGlobalSection
	GlobalSection(SolutionProperties) = preSolution
		HideSolutionNode = FALSE
	EndGlobalSection
	GlobalSection(ExtensibilityGlobals) = postSolution
		SolutionGuid = {944603D7-B470-422C-9ABA-DB448A983FFA}
	EndGlobalSection
EndGlobal
